
Microsoft Visual Studio Solution File, Format Version 12.00
# Visual Studio Version 17
VisualStudioVersion = 17.12.35527.113 d17.12
MinimumVisualStudioVersion = 10.0.40219.1
Project("{FAE04EC0-301F-11D3-BF4B-00C04F79EFBC}") = "AppSQLITE.Android", "AppSQLITE.Android\AppSQLITE.Android.csproj", "{0165019E-694A-45C8-BC76-01366C2B1206}"
EndProject
Project("{FAE04EC0-301F-11D3-BF4B-00C04F79EFBC}") = "AppSQLITE.iOS", "AppSQLITE.iOS\AppSQLITE.iOS.csproj", "{7FDF7050-90BD-46B8-B37C-C8F9800004A8}"
EndProject
Project("{FAE04EC0-301F-11D3-BF4B-00C04F79EFBC}") = "AppSQLITE", "AppSQLITE\AppSQLITE.csproj", "{7E7F349B-77F8-4C65-8A31-92D0190C3AA6}"
EndProject
Global
	GlobalSection(SolutionConfigurationPlatforms) = preSolution
		Debug|Any CPU = Debug|Any CPU
		Release|Any CPU = Release|Any CPU
	EndGlobalSection
	GlobalSection(ProjectConfigurationPlatforms) = postSolution
		{0165019E-694A-45C8-BC76-01366C2B1206}.Debug|Any CPU.ActiveCfg = Debug|Any CPU
		{0165019E-694A-45C8-BC76-01366C2B1206}.Debug|Any CPU.Build.0 = Debug|Any CPU
		{0165019E-694A-45C8-BC76-01366C2B1206}.Debug|Any CPU.Deploy.0 = Debug|Any CPU
		{0165019E-694A-45C8-BC76-01366C2B1206}.Release|Any CPU.ActiveCfg = Release|Any CPU
		{0165019E-694A-45C8-BC76-01366C2B1206}.Release|Any CPU.Build.0 = Release|Any CPU
		{0165019E-694A-45C8-BC76-01366C2B1206}.Release|Any CPU.Deploy.0 = Release|Any CPU
		{7FDF7050-90BD-46B8-B37C-C8F9800004A8}.Debug|Any CPU.ActiveCfg = Debug|iPhone
		{7FDF7050-90BD-46B8-B37C-C8F9800004A8}.Debug|Any CPU.Build.0 = Debug|iPhone
		{7FDF7050-90BD-46B8-B37C-C8F9800004A8}.Debug|Any CPU.Deploy.0 = Debug|iPhone
		{7FDF7050-90BD-46B8-B37C-C8F9800004A8}.Release|Any CPU.ActiveCfg = Release|iPhoneSimulator
		{7FDF7050-90BD-46B8-B37C-C8F9800004A8}.Release|Any CPU.Build.0 = Release|iPhoneSimulator
		{7FDF7050-90BD-46B8-B37C-C8F9800004A8}.Release|Any CPU.Deploy.0 = Release|iPhoneSimulator
		{7E7F349B-77F8-4C65-8A31-92D0190C3AA6}.Debug|Any CPU.ActiveCfg = Debug|Any CPU
		{7E7F349B-77F8-4C65-8A31-92D0190C3AA6}.Debug|Any CPU.Build.0 = Debug|Any CPU
		{7E7F349B-77F8-4C65-8A31-92D0190C3AA6}.Debug|Any CPU.Deploy.0 = Debug|Any CPU
		{7E7F349B-77F8-4C65-8A31-92D0190C3AA6}.Release|Any CPU.ActiveCfg = Release|Any CPU
		{7E7F349B-77F8-4C65-8A31-92D0190C3AA6}.Release|Any CPU.Build.0 = Release|Any CPU
		{7E7F349B-77F8-4C65-8A31-92D0190C3AA6}.Release|Any CPU.Deploy.0 = Release|Any CPU
	EndGlobalSection
	GlobalSection(SolutionProperties) = preSolution
		HideSolutionNode = FALSE
	EndGlobalSection
EndGlobal
